
Microsoft Visual Studio Solution File, Format Version 12.00
# Visual Studio Version 16
VisualStudioVersion = 16.0.28809.33
MinimumVisualStudioVersion = 10.0.40219.1
Project("{FAE04EC0-301F-11D3-BF4B-00C04F79EFBC}") = "Lab2", "Lab2\Lab2.csproj", "{57FD33E2-090B-42B3-A7B7-6E28388379D1}"
EndProject
Global
	GlobalSection(SolutionConfigurationPlatforms) = preSolution
		Debug|Any CPU = Debug|Any CPU
		Release|Any CPU = Release|Any CPU
	EndGlobalSection
	GlobalSection(ProjectConfigurationPlatforms) = postSolution
		{57FD33E2-090B-42B3-A7B7-6E28388379D1}.Debug|Any CPU.ActiveCfg = Debug|Any CPU
		{57FD33E2-090B-42B3-A7B7-6E28388379D1}.Debug|Any CPU.Build.0 = Debug|Any CPU
		{57FD33E2-090B-42B3-A7B7-6E28388379D1}.Release|Any CPU.ActiveCfg = Release|Any CPU
		{57FD33E2-090B-42B3-A7B7-6E28388379D1}.Release|Any CPU.Build.0 = Release|Any CPU
	EndGlobalSection
	GlobalSection(SolutionProperties) = preSolution
		HideSolutionNode = FALSE
	EndGlobalSection
	GlobalSection(ExtensibilityGlobals) = postSolution
		SolutionGuid = {4FE56EDD-F98A-4B9D-85C4-1B7A09A750AE}
	EndGlobalSection
EndGlobal
